
Microsoft Visual Studio Solution File, Format Version 12.00
# Visual Studio Version 16
VisualStudioVersion = 16.0.30804.86
MinimumVisualStudioVersion = 10.0.40219.1
Project("{FAE04EC0-301F-11D3-BF4B-00C04F79EFBC}") = "WM", "WM\WM.csproj", "{99B15E12-E1B0-4EC2-A8AE-986E8F710B52}"
EndProject
Global
	GlobalSection(SolutionConfigurationPlatforms) = preSolution
		Debug|Any CPU = Debug|Any CPU
		Release|Any CPU = Release|Any CPU
	EndGlobalSection
	GlobalSection(ProjectConfigurationPlatforms) = postSolution
		{99B15E12-E1B0-4EC2-A8AE-986E8F710B52}.Debug|Any CPU.ActiveCfg = Debug|Any CPU
		{99B15E12-E1B0-4EC2-A8AE-986E8F710B52}.Debug|Any CPU.Build.0 = Debug|Any CPU
		{99B15E12-E1B0-4EC2-A8AE-986E8F710B52}.Release|Any CPU.ActiveCfg = Release|Any CPU
		{99B15E12-E1B0-4EC2-A8AE-986E8F710B52}.Release|Any CPU.Build.0 = Release|Any CPU
	EndGlobalSection
	GlobalSection(SolutionProperties) = preSolution
		HideSolutionNode = FALSE
	EndGlobalSection
	GlobalSection(ExtensibilityGlobals) = postSolution
		SolutionGuid = {C95F53F8-24D3-4C33-9BB8-F45D9B9849EA}
	EndGlobalSection
EndGlobal
